Microsoft Visual Studio Solution File, Format Version 12.00
# Visual Studio Version 17
VisualStudioVersion = 17.5.2.0
MinimumVisualStudioVersion = 10.0.40219.1
Project("{FAE04EC0-301F-11D3-BF4B-00C04F79EFBC}") = "security", "security\security.csproj", "{AB7EA3DD-80A0-B582-1847-17EF00A9C15D}"
EndProject
Global
	GlobalSection(SolutionConfigurationPlatforms) = preSolution
		Debug|Any CPU = Debug|Any CPU
		Release|Any CPU = Release|Any CPU
	EndGlobalSection
	GlobalSection(ProjectConfigurationPlatforms) = postSolution
		{AB7EA3DD-80A0-B582-1847-17EF00A9C15D}.Debug|Any CPU.ActiveCfg = Debug|Any CPU
		{AB7EA3DD-80A0-B582-1847-17EF00A9C15D}.Debug|Any CPU.Build.0 = Debug|Any CPU
		{AB7EA3DD-80A0-B582-1847-17EF00A9C15D}.Release|Any CPU.ActiveCfg = Release|Any CPU
		{AB7EA3DD-80A0-B582-1847-17EF00A9C15D}.Release|Any CPU.Build.0 = Release|Any CPU
	EndGlobalSection
	GlobalSection(SolutionProperties) = preSolution
		HideSolutionNode = FALSE
	EndGlobalSection
	GlobalSection(ExtensibilityGlobals) = postSolution
		SolutionGuid = {F7EE80E0-035D-41F1-A5B3-53EF7AF01534}
	EndGlobalSection
EndGlobal
